
Microsoft Visual Studio Solution File, Format Version 12.00
# Visual Studio Version 17
VisualStudioVersion = 17.8.34330.188
MinimumVisualStudioVersion = 10.0.40219.1
Project("{FAE04EC0-301F-11D3-BF4B-00C04F79EFBC}") = "01B", "01B\01B.csproj", "{2D8D3A6B-CBA2-4E1B-9916-82312B4343DD}"
EndProject
Project("{FAE04EC0-301F-11D3-BF4B-00C04F79EFBC}") = "01A", "01A\01A.csproj", "{ED06DB2D-7DF8-4138-B30C-D54EC2DB4D96}"
EndProject
Project("{FAE04EC0-301F-11D3-BF4B-00C04F79EFBC}") = "02A", "02A\02A.csproj", "{1CE01289-65B8-4BCA-A3F5-C6628C78DAA6}"
EndProject
Project("{9A19103F-16F7-4668-BE54-9A1E7A4F7556}") = "02B", "02B\02B.csproj", "{3DAC1D62-6180-4EBC-921C-D28AA9464210}"
EndProject
Project("{FAE04EC0-301F-11D3-BF4B-00C04F79EFBC}") = "03A", "03A\03A.csproj", "{990EE06F-A5B6-4686-A4C3-4215984E461F}"
EndProject
Project("{FAE04EC0-301F-11D3-BF4B-00C04F79EFBC}") = "03B", "03B\03B.csproj", "{CBBF13FC-8839-4986-A62F-1E929A7E8B56}"
EndProject
Project("{FAE04EC0-301F-11D3-BF4B-00C04F79EFBC}") = "04A", "04A\04A.csproj", "{5E827DE6-3723-42F1-BB87-F5C49F14B137}"
EndProject
Project("{FAE04EC0-301F-11D3-BF4B-00C04F79EFBC}") = "04B", "04B\04B.csproj", "{7650E9F2-B1B1-42F8-9AA5-30FECD4EBF44}"
EndProject
Project("{FAE04EC0-301F-11D3-BF4B-00C04F79EFBC}") = "05A", "05A\05A.csproj", "{C9849D07-D650-4D05-8E80-050CC4F8FF06}"
EndProject
Project("{FAE04EC0-301F-11D3-BF4B-00C04F79EFBC}") = "05B", "05B\05B.csproj", "{CAFE0329-DE31-48D0-8993-175FFB907DFE}"
EndProject
Project("{FAE04EC0-301F-11D3-BF4B-00C04F79EFBC}") = "06A", "06A\06A.csproj", "{F9BE2280-F6DD-478B-ABFB-F9EB4BC4F426}"
EndProject
Project("{FAE04EC0-301F-11D3-BF4B-00C04F79EFBC}") = "06B", "06B\06B.csproj", "{DCA73E94-53DA-45EA-AFAC-685C1E8DF54C}"
EndProject
Project("{FAE04EC0-301F-11D3-BF4B-00C04F79EFBC}") = "07A", "07A\07A.csproj", "{2BBA387C-AA38-4E5F-B636-4F0A8136F52C}"
EndProject
Project("{FAE04EC0-301F-11D3-BF4B-00C04F79EFBC}") = "07B", "07B\07B.csproj", "{DA4A01E1-8B84-49C7-8C90-0664E60B6B21}"
EndProject
Project("{9A19103F-16F7-4668-BE54-9A1E7A4F7556}") = "08A", "08A\08A.csproj", "{07E2EB2C-6B7F-4221-9126-01D0D399AE49}"
EndProject
Project("{FAE04EC0-301F-11D3-BF4B-00C04F79EFBC}") = "08B", "08B\08B.csproj", "{CB65515B-F31D-4D2C-9F7A-7BADBB9E9121}"
EndProject
Global
	GlobalSection(SolutionConfigurationPlatforms) = preSolution
		Debug|Any CPU = Debug|Any CPU
		Release|Any CPU = Release|Any CPU
	EndGlobalSection
	GlobalSection(ProjectConfigurationPlatforms) = postSolution
		{2D8D3A6B-CBA2-4E1B-9916-82312B4343DD}.Debug|Any CPU.ActiveCfg = Debug|Any CPU
		{2D8D3A6B-CBA2-4E1B-9916-82312B4343DD}.Debug|Any CPU.Build.0 = Debug|Any CPU
		{2D8D3A6B-CBA2-4E1B-9916-82312B4343DD}.Release|Any CPU.ActiveCfg = Release|Any CPU
		{2D8D3A6B-CBA2-4E1B-9916-82312B4343DD}.Release|Any CPU.Build.0 = Release|Any CPU
		{ED06DB2D-7DF8-4138-B30C-D54EC2DB4D96}.Debug|Any CPU.ActiveCfg = Debug|Any CPU
		{ED06DB2D-7DF8-4138-B30C-D54EC2DB4D96}.Debug|Any CPU.Build.0 = Debug|Any CPU
		{ED06DB2D-7DF8-4138-B30C-D54EC2DB4D96}.Release|Any CPU.ActiveCfg = Release|Any CPU
		{ED06DB2D-7DF8-4138-B30C-D54EC2DB4D96}.Release|Any CPU.Build.0 = Release|Any CPU
		{1CE01289-65B8-4BCA-A3F5-C6628C78DAA6}.Debug|Any CPU.ActiveCfg = Debug|Any CPU
		{1CE01289-65B8-4BCA-A3F5-C6628C78DAA6}.Debug|Any CPU.Build.0 = Debug|Any CPU
		{1CE01289-65B8-4BCA-A3F5-C6628C78DAA6}.Release|Any CPU.ActiveCfg = Release|Any CPU
		{1CE01289-65B8-4BCA-A3F5-C6628C78DAA6}.Release|Any CPU.Build.0 = Release|Any CPU
		{3DAC1D62-6180-4EBC-921C-D28AA9464210}.Debug|Any CPU.ActiveCfg = Debug|Any CPU
		{3DAC1D62-6180-4EBC-921C-D28AA9464210}.Debug|Any CPU.Build.0 = Debug|Any CPU
		{3DAC1D62-6180-4EBC-921C-D28AA9464210}.Release|Any CPU.ActiveCfg = Release|Any CPU
		{3DAC1D62-6180-4EBC-921C-D28AA9464210}.Release|Any CPU.Build.0 = Release|Any CPU
		{990EE06F-A5B6-4686-A4C3-4215984E461F}.Debug|Any CPU.ActiveCfg = Debug|Any CPU
		{990EE06F-A5B6-4686-A4C3-4215984E461F}.Debug|Any CPU.Build.0 = Debug|Any CPU
		{990EE06F-A5B6-4686-A4C3-4215984E461F}.Release|Any CPU.ActiveCfg = Release|Any CPU
		{990EE06F-A5B6-4686-A4C3-4215984E461F}.Release|Any CPU.Build.0 = Release|Any CPU
		{CBBF13FC-8839-4986-A62F-1E929A7E8B56}.Debug|Any CPU.ActiveCfg = Debug|Any CPU
		{CBBF13FC-8839-4986-A62F-1E929A7E8B56}.Debug|Any CPU.Build.0 = Debug|Any CPU
		{CBBF13FC-8839-4986-A62F-1E929A7E8B56}.Release|Any CPU.ActiveCfg = Release|Any CPU
		{CBBF13FC-8839-4986-A62F-1E929A7E8B56}.Release|Any CPU.Build.0 = Release|Any CPU
		{5E827DE6-3723-42F1-BB87-F5C49F14B137}.Debug|Any CPU.ActiveCfg = Debug|Any CPU
		{5E827DE6-3723-42F1-BB87-F5C49F14B137}.Debug|Any CPU.Build.0 = Debug|Any CPU
		{5E827DE6-3723-42F1-BB87-F5C49F14B137}.Release|Any CPU.ActiveCfg = Release|Any CPU
		{5E827DE6-3723-42F1-BB87-F5C49F14B137}.Release|Any CPU.Build.0 = Release|Any CPU
		{7650E9F2-B1B1-42F8-9AA5-30FECD4EBF44}.Debug|Any CPU.ActiveCfg = Debug|Any CPU
		{7650E9F2-B1B1-42F8-9AA5-30FECD4EBF44}.Debug|Any CPU.Build.0 = Debug|Any CPU
		{7650E9F2-B1B1-42F8-9AA5-30FECD4EBF44}.Release|Any CPU.ActiveCfg = Release|Any CPU
		{7650E9F2-B1B1-42F8-9AA5-30FECD4EBF44}.Release|Any CPU.Build.0 = Release|Any CPU
		{C9849D07-D650-4D05-8E80-050CC4F8FF06}.Debug|Any CPU.ActiveCfg = Debug|Any CPU
		{C9849D07-D650-4D05-8E80-050CC4F8FF06}.Debug|Any CPU.Build.0 = Debug|Any CPU
		{C9849D07-D650-4D05-8E80-050CC4F8FF06}.Release|Any CPU.ActiveCfg = Release|Any CPU
		{C9849D07-D650-4D05-8E80-050CC4F8FF06}.Release|Any CPU.Build.0 = Release|Any CPU
		{CAFE0329-DE31-48D0-8993-175FFB907DFE}.Debug|Any CPU.ActiveCfg = Debug|Any CPU
		{CAFE0329-DE31-48D0-8993-175FFB907DFE}.Debug|Any CPU.Build.0 = Debug|Any CPU
		{CAFE0329-DE31-48D0-8993-175FFB907DFE}.Release|Any CPU.ActiveCfg = Release|Any CPU
		{CAFE0329-DE31-48D0-8993-175FFB907DFE}.Release|Any CPU.Build.0 = Release|Any CPU
		{F9BE2280-F6DD-478B-ABFB-F9EB4BC4F426}.Debug|Any CPU.ActiveCfg = Debug|Any CPU
		{F9BE2280-F6DD-478B-ABFB-F9EB4BC4F426}.Debug|Any CPU.Build.0 = Debug|Any CPU
		{F9BE2280-F6DD-478B-ABFB-F9EB4BC4F426}.Release|Any CPU.ActiveCfg = Release|Any CPU
		{F9BE2280-F6DD-478B-ABFB-F9EB4BC4F426}.Release|Any CPU.Build.0 = Release|Any CPU
		{DCA73E94-53DA-45EA-AFAC-685C1E8DF54C}.Debug|Any CPU.ActiveCfg = Debug|Any CPU
		{DCA73E94-53DA-45EA-AFAC-685C1E8DF54C}.Debug|Any CPU.Build.0 = Debug|Any CPU
		{DCA73E94-53DA-45EA-AFAC-685C1E8DF54C}.Release|Any CPU.ActiveCfg = Release|Any CPU
		{DCA73E94-53DA-45EA-AFAC-685C1E8DF54C}.Release|Any CPU.Build.0 = Release|Any CPU
		{2BBA387C-AA38-4E5F-B636-4F0A8136F52C}.Debug|Any CPU.ActiveCfg = Debug|Any CPU
		{2BBA387C-AA38-4E5F-B636-4F0A8136F52C}.Debug|Any CPU.Build.0 = Debug|Any CPU
		{2BBA387C-AA38-4E5F-B636-4F0A8136F52C}.Release|Any CPU.ActiveCfg = Release|Any CPU
		{2BBA387C-AA38-4E5F-B636-4F0A8136F52C}.Release|Any CPU.Build.0 = Release|Any CPU
		{DA4A01E1-8B84-49C7-8C90-0664E60B6B21}.Debug|Any CPU.ActiveCfg = Debug|Any CPU
		{DA4A01E1-8B84-49C7-8C90-0664E60B6B21}.Debug|Any CPU.Build.0 = Debug|Any CPU
		{DA4A01E1-8B84-49C7-8C90-0664E60B6B21}.Release|Any CPU.ActiveCfg = Release|Any CPU
		{DA4A01E1-8B84-49C7-8C90-0664E60B6B21}.Release|Any CPU.Build.0 = Release|Any CPU
		{07E2EB2C-6B7F-4221-9126-01D0D399AE49}.Debug|Any CPU.ActiveCfg = Debug|Any CPU
		{07E2EB2C-6B7F-4221-9126-01D0D399AE49}.Debug|Any CPU.Build.0 = Debug|Any CPU
		{07E2EB2C-6B7F-4221-9126-01D0D399AE49}.Release|Any CPU.ActiveCfg = Release|Any CPU
		{07E2EB2C-6B7F-4221-9126-01D0D399AE49}.Release|Any CPU.Build.0 = Release|Any CPU
		{CB65515B-F31D-4D2C-9F7A-7BADBB9E9121}.Debug|Any CPU.ActiveCfg = Debug|Any CPU
		{CB65515B-F31D-4D2C-9F7A-7BADBB9E9121}.Debug|Any CPU.Build.0 = Debug|Any CPU
		{CB65515B-F31D-4D2C-9F7A-7BADBB9E9121}.Release|Any CPU.ActiveCfg = Release|Any CPU
		{CB65515B-F31D-4D2C-9F7A-7BADBB9E9121}.Release|Any CPU.Build.0 = Release|Any CPU
	EndGlobalSection
	GlobalSection(SolutionProperties) = preSolution
		HideSolutionNode = FALSE
	EndGlobalSection
	GlobalSection(ExtensibilityGlobals) = postSolution
		SolutionGuid = {724EE12B-48B9-4DED-92B8-8ED5D3D6A65F}
	EndGlobalSection
EndGlobal
